
Microsoft Visual Studio Solution File, Format Version 12.00
# Visual Studio Version 17
VisualStudioVersion = 17.13.35828.75 d17.13
MinimumVisualStudioVersion = 10.0.40219.1
Project("{FAE04EC0-301F-11D3-BF4B-00C04F79EFBC}") = "VeW_Games_Tecnologia", "VeW_Games_Tecnologia\VeW_Games_Tecnologia.csproj", "{9E7BAE08-8C2E-4D66-A705-C44AA90E24F5}"
EndProject
Global
	GlobalSection(SolutionConfigurationPlatforms) = preSolution
		Debug|Any CPU = Debug|Any CPU
		Release|Any CPU = Release|Any CPU
	EndGlobalSection
	GlobalSection(ProjectConfigurationPlatforms) = postSolution
		{9E7BAE08-8C2E-4D66-A705-C44AA90E24F5}.Debug|Any CPU.ActiveCfg = Debug|Any CPU
		{9E7BAE08-8C2E-4D66-A705-C44AA90E24F5}.Debug|Any CPU.Build.0 = Debug|Any CPU
		{9E7BAE08-8C2E-4D66-A705-C44AA90E24F5}.Release|Any CPU.ActiveCfg = Release|Any CPU
		{9E7BAE08-8C2E-4D66-A705-C44AA90E24F5}.Release|Any CPU.Build.0 = Release|Any CPU
	EndGlobalSection
	GlobalSection(SolutionProperties) = preSolution
		HideSolutionNode = FALSE
	EndGlobalSection
	GlobalSection(ExtensibilityGlobals) = postSolution
		SolutionGuid = {56A39C53-6028-45EF-A313-034FAD61C332}
	EndGlobalSection
EndGlobal
